{
  "requires": true,
  "lockfileVersion": 1,
  "dependencies": {
    "jinja": {
      "version": "0.13.4",
      "resolved": "https://registry.npmjs.org/jinja/-/jinja-0.13.4.tgz",
      "integrity": "sha1-vDVwMG3X5f5nu9/lyVJOfGuIE94=",
      "requires": {
        "underscore": ">=1.1.7"
      }
    },
    "underscore": {
      "version": "1.10.2",
      "resolved": "https://registry.npmjs.org/underscore/-/underscore-1.10.2.tgz",
      "integrity": "sha512-N4P+Q/BuyuEKFJ43B9gYuOj4TQUHXX+j2FqguVOpjkssLUUrnJofCcBccJSCoeturDoZU6GorDTHSvUDlSQbTg=="
    }
  }
}
